
Microsoft Visual Studio Solution File, Format Version 12.00
# Visual Studio Version 17
VisualStudioVersion = 17.14.36203.30
MinimumVisualStudioVersion = 10.0.40219.1
Project("{FAE04EC0-301F-11D3-BF4B-00C04F79EFBC}") = "RingAssetsExtractor", "RingAssetsExtractor.csproj", "{67351E8A-1109-466E-B9FB-716B92E66323}"
EndProject
Project("{FAE04EC0-301F-11D3-BF4B-00C04F79EFBC}") = "WzComparerR2.WzLib", "..\WzComparerR2\WzComparerR2.WzLib\WzComparerR2.WzLib.csproj", "{7AE1FCAA-3947-4961-B89A-FE6BC29455FD}"
EndProject
Global
	GlobalSection(SolutionConfigurationPlatforms) = preSolution
		Debug|Any CPU = Debug|Any CPU
		Debug|x64 = Debug|x64
		Debug|x86 = Debug|x86
		Release|Any CPU = Release|Any CPU
		Release|x64 = Release|x64
		Release|x86 = Release|x86
	EndGlobalSection
	GlobalSection(ProjectConfigurationPlatforms) = postSolution
		{67351E8A-1109-466E-B9FB-716B92E66323}.Debug|Any CPU.ActiveCfg = Debug|Any CPU
		{67351E8A-1109-466E-B9FB-716B92E66323}.Debug|Any CPU.Build.0 = Debug|Any CPU
		{67351E8A-1109-466E-B9FB-716B92E66323}.Debug|x64.ActiveCfg = Debug|Any CPU
		{67351E8A-1109-466E-B9FB-716B92E66323}.Debug|x64.Build.0 = Debug|Any CPU
		{67351E8A-1109-466E-B9FB-716B92E66323}.Debug|x86.ActiveCfg = Debug|Any CPU
		{67351E8A-1109-466E-B9FB-716B92E66323}.Debug|x86.Build.0 = Debug|Any CPU
		{67351E8A-1109-466E-B9FB-716B92E66323}.Release|Any CPU.ActiveCfg = Release|Any CPU
		{67351E8A-1109-466E-B9FB-716B92E66323}.Release|Any CPU.Build.0 = Release|Any CPU
		{67351E8A-1109-466E-B9FB-716B92E66323}.Release|x64.ActiveCfg = Release|Any CPU
		{67351E8A-1109-466E-B9FB-716B92E66323}.Release|x64.Build.0 = Release|Any CPU
		{67351E8A-1109-466E-B9FB-716B92E66323}.Release|x86.ActiveCfg = Release|Any CPU
		{67351E8A-1109-466E-B9FB-716B92E66323}.Release|x86.Build.0 = Release|Any CPU
		{7AE1FCAA-3947-4961-B89A-FE6BC29455FD}.Debug|Any CPU.ActiveCfg = Debug|Any CPU
		{7AE1FCAA-3947-4961-B89A-FE6BC29455FD}.Debug|Any CPU.Build.0 = Debug|Any CPU
		{7AE1FCAA-3947-4961-B89A-FE6BC29455FD}.Debug|x64.ActiveCfg = Debug|Any CPU
		{7AE1FCAA-3947-4961-B89A-FE6BC29455FD}.Debug|x64.Build.0 = Debug|Any CPU
		{7AE1FCAA-3947-4961-B89A-FE6BC29455FD}.Debug|x86.ActiveCfg = Debug|Any CPU
		{7AE1FCAA-3947-4961-B89A-FE6BC29455FD}.Debug|x86.Build.0 = Debug|Any CPU
		{7AE1FCAA-3947-4961-B89A-FE6BC29455FD}.Release|Any CPU.ActiveCfg = Release|Any CPU
		{7AE1FCAA-3947-4961-B89A-FE6BC29455FD}.Release|Any CPU.Build.0 = Release|Any CPU
		{7AE1FCAA-3947-4961-B89A-FE6BC29455FD}.Release|x64.ActiveCfg = Release|Any CPU
		{7AE1FCAA-3947-4961-B89A-FE6BC29455FD}.Release|x64.Build.0 = Release|Any CPU
		{7AE1FCAA-3947-4961-B89A-FE6BC29455FD}.Release|x86.ActiveCfg = Release|Any CPU
		{7AE1FCAA-3947-4961-B89A-FE6BC29455FD}.Release|x86.Build.0 = Release|Any CPU
	EndGlobalSection
	GlobalSection(SolutionProperties) = preSolution
		HideSolutionNode = FALSE
	EndGlobalSection
	GlobalSection(ExtensibilityGlobals) = postSolution
		SolutionGuid = {D18AD2C5-6B9E-46F9-8433-FF8C046431D0}
	EndGlobalSection
EndGlobal
